# This file is automatically @generated by Cargo.
# It is not intended for manual editing.
version = 3

[[package]]
name = "aligned"
version = "0.4.1"
source = "registry+https://github.com/rust-lang/crates.io-index"
checksum = "80a21b9440a626c7fc8573a9e3d3a06b75c7c97754c2949bc7857b90353ca655"
dependencies = [
 "as-slice",
]

[[package]]
name = "anstream"
version = "0.2.6"
source = "registry+https://github.com/rust-lang/crates.io-index"
checksum = "342258dd14006105c2b75ab1bd7543a03bdf0cfc94383303ac212a04939dff6f"
dependencies = [
 "anstyle",
 "anstyle-parse",
 "anstyle-wincon",
 "concolor-override",
 "concolor-query",
 "is-terminal",
 "utf8parse",
]

[[package]]
name = "anstyle"
version = "0.3.5"
source = "registry+https://github.com/rust-lang/crates.io-index"
checksum = "23ea9e81bd02e310c216d080f6223c179012256e5151c41db88d12c88a1684d2"

[[package]]
name = "anstyle-parse"
version = "0.1.1"
source = "registry+https://github.com/rust-lang/crates.io-index"
checksum = "a7d1bb534e9efed14f3e5f44e7dd1a4f709384023a4165199a4241e18dff0116"
dependencies = [
 "utf8parse",
]

[[package]]
name = "anstyle-wincon"
version = "0.2.0"
source = "registry+https://github.com/rust-lang/crates.io-index"
checksum = "c3127af6145b149f3287bb9a0d10ad9c5692dba8c53ad48285e5bec4063834fa"
dependencies = [
 "anstyle",
 "windows-sys 0.45.0",
]

[[package]]
name = "anyhow"
version = "1.0.70"
source = "registry+https://github.com/rust-lang/crates.io-index"
checksum = "7de8ce5e0f9f8d88245311066a578d72b7af3e7088f32783804676302df237e4"

[[package]]
name = "as-slice"
version = "0.2.1"
source = "registry+https://github.com/rust-lang/crates.io-index"
checksum = "516b6b4f0e40d50dcda9365d53964ec74560ad4284da2e7fc97122cd83174516"
dependencies = [
 "stable_deref_trait",
]

[[package]]
name = "assert_cmd"
version = "2.0.10"
source = "registry+https://github.com/rust-lang/crates.io-index"
checksum = "ec0b2340f55d9661d76793b2bfc2eb0e62689bd79d067a95707ea762afd5e9dd"
dependencies = [
 "anstyle",
 "bstr",
 "doc-comment",
 "predicates",
 "predicates-core",
 "predicates-tree",
 "wait-timeout",
]

[[package]]
name = "autocfg"
version = "1.1.0"
source = "registry+https://github.com/rust-lang/crates.io-index"
checksum = "d468802bab17cbc0cc575e9b053f41e72aa36bfa6b7f55e3529ffa43161b97fa"

[[package]]
name = "bitflags"
version = "1.3.2"
source = "registry+https://github.com/rust-lang/crates.io-index"
checksum = "bef38d45163c2f1dde094a7dfd33ccf595c92905c8f8f4fdc18d06fb1037718a"

[[package]]
name = "bstr"
version = "1.1.0"
source = "registry+https://github.com/rust-lang/crates.io-index"
checksum = "b45ea9b00a7b3f2988e9a65ad3917e62123c38dba709b666506207be96d1790b"
dependencies = [
 "memchr",
 "once_cell",
 "regex-automata",
 "serde",
]

[[package]]
name = "camino"
version = "1.1.1"
source = "registry+https://github.com/rust-lang/crates.io-index"
checksum = "88ad0e1e3e88dd237a156ab9f571021b8a158caa0ae44b1968a241efb5144c1e"
dependencies = [
 "serde",
]

[[package]]
name = "cargo-manifest"
version = "0.7.1"
source = "registry+https://github.com/rust-lang/crates.io-index"
checksum = "3ce38d2d1efbe0e7180766a872570bc07cd5430a42e713b01006d4afa89912fe"
dependencies = [
 "serde",
 "toml 0.5.11",
]

[[package]]
name = "cargo-platform"
version = "0.1.2"
source = "registry+https://github.com/rust-lang/crates.io-index"
checksum = "cbdb825da8a5df079a43676dbe042702f1707b1109f713a01420fbb4cc71fa27"
dependencies = [
 "serde",
]

[[package]]
name = "cargo-public-api"
version = "0.28.0"
dependencies = [
 "anyhow",
 "assert_cmd",
 "cargo-manifest",
 "cargo_metadata",
 "chrono",
 "clap",
 "clap_complete_command",
 "crates-index",
 "diff",
 "dirs",
 "expect-test",
 "home",
 "is-terminal",
 "nu-ansi-term",
 "predicates",
 "pretty_assertions",
 "public-api",
 "remove_dir_all",
 "rustdoc-json",
 "rustup-toolchain",
 "semver",
 "serde",
 "serde_json",
 "tempfile",
 "thiserror",
 "toml 0.7.3",
]

[[package]]
name = "cargo_metadata"
version = "0.15.3"
source = "registry+https://github.com/rust-lang/crates.io-index"
checksum = "08a1ec454bc3eead8719cb56e15dbbfecdbc14e4b3a3ae4936cc6e31f5fc0d07"
dependencies = [
 "camino",
 "cargo-platform",
 "semver",
 "serde",
 "serde_json",
 "thiserror",
]

[[package]]
name = "cc"
version = "1.0.78"
source = "registry+https://github.com/rust-lang/crates.io-index"
checksum = "a20104e2335ce8a659d6dd92a51a767a0c062599c73b343fd152cb401e828c3d"
dependencies = [
 "jobserver",
]

[[package]]
name = "cfg-if"
version = "0.1.10"
source = "registry+https://github.com/rust-lang/crates.io-index"
checksum = "4785bdd1c96b2a846b2bd7cc02e86b6b3dbf14e7e53446c4f54c92a361040822"

[[package]]
name = "cfg-if"
version = "1.0.0"
source = "registry+https://github.com/rust-lang/crates.io-index"
checksum = "baf1de4339761588bc0619e3cbc0120ee582ebb74b53b4efbf79117bd2da40fd"

[[package]]
name = "chrono"
version = "0.4.24"
source = "registry+https://github.com/rust-lang/crates.io-index"
checksum = "4e3c5919066adf22df73762e50cffcde3a758f2a848b113b586d1f86728b673b"
dependencies = [
 "num-integer",
 "num-traits",
]

[[package]]
name = "clap"
version = "4.2.1"
source = "registry+https://github.com/rust-lang/crates.io-index"
checksum = "046ae530c528f252094e4a77886ee1374437744b2bff1497aa898bbddbbb29b3"
dependencies = [
 "clap_builder",
 "clap_derive",
 "once_cell",
]

[[package]]
name = "clap_builder"
version = "4.2.1"
source = "registry+https://github.com/rust-lang/crates.io-index"
checksum = "223163f58c9a40c3b0a43e1c4b50a9ce09f007ea2cb1ec258a687945b4b7929f"
dependencies = [
 "anstream",
 "anstyle",
 "bitflags",
 "clap_lex",
 "strsim",
 "terminal_size",
]

[[package]]
name = "clap_complete"
version = "4.1.4"
source = "registry+https://github.com/rust-lang/crates.io-index"
checksum = "501ff0a401473ea1d4c3b125ff95506b62c5bc5768d818634195fbb7c4ad5ff4"
dependencies = [
 "clap",
]

[[package]]
name = "clap_complete_command"
version = "0.5.1"
source = "registry+https://github.com/rust-lang/crates.io-index"
checksum = "183495371ea78d4c9ff638bfc6497d46fed2396e4f9c50aebc1278a4a9919a3d"
dependencies = [
 "clap",
 "clap_complete",
 "clap_complete_fig",
 "clap_complete_nushell",
]

[[package]]
name = "clap_complete_fig"
version = "4.1.1"
source = "registry+https://github.com/rust-lang/crates.io-index"
checksum = "63a06158a72dbb088f864887b4409fd22600ba379f3cee3040f842234cc5c2d0"
dependencies = [
 "clap",
 "clap_complete",
]

[[package]]
name = "clap_complete_nushell"
version = "0.1.10"
source = "registry+https://github.com/rust-lang/crates.io-index"
checksum = "c7fa41f5e6aa83bd151b70fd0ceaee703d68cd669522795dc812df9edad1252c"
dependencies = [
 "clap",
 "clap_complete",
]

[[package]]
name = "clap_derive"
version = "4.2.0"
source = "registry+https://github.com/rust-lang/crates.io-index"
checksum = "3f9644cd56d6b87dbe899ef8b053e331c0637664e9e21a33dfcdc36093f5c5c4"
dependencies = [
 "heck",
 "proc-macro2",
 "quote",
 "syn 2.0.10",
]

[[package]]
name = "clap_lex"
version = "0.4.0"
source = "registry+https://github.com/rust-lang/crates.io-index"
checksum = "4f0807fb6f644c83f3e4ec014fec9858c1c8b26a7db8eb5f0bde5817df9c1df7"

[[package]]
name = "concolor-override"
version = "1.0.0"
source = "registry+https://github.com/rust-lang/crates.io-index"
checksum = "a855d4a1978dc52fb0536a04d384c2c0c1aa273597f08b77c8c4d3b2eec6037f"

[[package]]
name = "concolor-query"
version = "0.3.3"
source = "registry+https://github.com/rust-lang/crates.io-index"
checksum = "88d11d52c3d7ca2e6d0040212be9e4dbbcd78b6447f535b6b561f449427944cf"
dependencies = [
 "windows-sys 0.45.0",
]

[[package]]
name = "crates-index"
version = "0.19.7"
source = "registry+https://github.com/rust-lang/crates.io-index"
checksum = "51ddd986d8b0405750d3da55a36cfa5ddad74a6dbf8826dec1cae40bf1218bd4"
dependencies = [
 "git2",
 "hex",
 "home",
 "memchr",
 "num_cpus",
 "rustc-hash",
 "semver",
 "serde",
 "serde_derive",
 "serde_json",
 "smol_str",
 "toml 0.7.3",
]

[[package]]
name = "ctor"
version = "0.1.26"
source = "registry+https://github.com/rust-lang/crates.io-index"
checksum = "6d2301688392eb071b0bf1a37be05c469d3cc4dbbd95df672fe28ab021e6a096"
dependencies = [
 "quote",
 "syn 1.0.107",
]

[[package]]
name = "cvt"
version = "0.1.1"
source = "registry+https://github.com/rust-lang/crates.io-index"
checksum = "34ac344c7efccb80cd25bc61b2170aec26f2f693fd40e765a539a1243db48c71"
dependencies = [
 "cfg-if 0.1.10",
]

[[package]]
name = "diff"
version = "0.1.13"
source = "registry+https://github.com/rust-lang/crates.io-index"
checksum = "56254986775e3233ffa9c4d7d3faaf6d36a2c09d30b20687e9f88bc8bafc16c8"

[[package]]
name = "difflib"
version = "0.4.0"
source = "registry+https://github.com/rust-lang/crates.io-index"
checksum = "6184e33543162437515c2e2b48714794e37845ec9851711914eec9d308f6ebe8"

[[package]]
name = "dirs"
version = "5.0.0"
source = "registry+https://github.com/rust-lang/crates.io-index"
checksum = "dece029acd3353e3a58ac2e3eb3c8d6c35827a892edc6cc4138ef9c33df46ecd"
dependencies = [
 "dirs-sys",
]

[[package]]
name = "dirs-sys"
version = "0.4.0"
source = "registry+https://github.com/rust-lang/crates.io-index"
checksum = "04414300db88f70d74c5ff54e50f9e1d1737d9a5b90f53fcf2e95ca2a9ab554b"
dependencies = [
 "libc",
 "redox_users",
 "windows-sys 0.45.0",
]

[[package]]
name = "dissimilar"
version = "1.0.5"
source = "registry+https://github.com/rust-lang/crates.io-index"
checksum = "bd5f0c7e4bd266b8ab2550e6238d2e74977c23c15536ac7be45e9c95e2e3fbbb"

[[package]]
name = "doc-comment"
version = "0.3.3"
source = "registry+https://github.com/rust-lang/crates.io-index"
checksum = "fea41bba32d969b513997752735605054bc0dfa92b4c56bf1189f2e174be7a10"

[[package]]
name = "either"
version = "1.8.0"
source = "registry+https://github.com/rust-lang/crates.io-index"
checksum = "90e5c1c8368803113bf0c9584fc495a58b86dc8a29edbf8fe877d21d9507e797"

[[package]]
name = "errno"
version = "0.2.8"
source = "registry+https://github.com/rust-lang/crates.io-index"
checksum = "f639046355ee4f37944e44f60642c6f3a7efa3cf6b78c78a0d989a8ce6c396a1"
dependencies = [
 "errno-dragonfly",
 "libc",
 "winapi",
]

[[package]]
name = "errno"
version = "0.3.0"
source = "registry+https://github.com/rust-lang/crates.io-index"
checksum = "50d6a0976c999d473fe89ad888d5a284e55366d9dc9038b1ba2aa15128c4afa0"
dependencies = [
 "errno-dragonfly",
 "libc",
 "windows-sys 0.45.0",
]

[[package]]
name = "errno-dragonfly"
version = "0.1.2"
source = "registry+https://github.com/rust-lang/crates.io-index"
checksum = "aa68f1b12764fab894d2755d2518754e71b4fd80ecfb822714a1206c2aab39bf"
dependencies = [
 "cc",
 "libc",
]

[[package]]
name = "expect-test"
version = "1.4.1"
source = "registry+https://github.com/rust-lang/crates.io-index"
checksum = "30d9eafeadd538e68fb28016364c9732d78e420b9ff8853fa5e4058861e9f8d3"
dependencies = [
 "dissimilar",
 "once_cell",
]

[[package]]
name = "fastrand"
version = "1.8.0"
source = "registry+https://github.com/rust-lang/crates.io-index"
checksum = "a7a407cfaa3385c4ae6b23e84623d48c2798d06e3e6a1878f7f59f17b3f86499"
dependencies = [
 "instant",
]

[[package]]
name = "form_urlencoded"
version = "1.1.0"
source = "registry+https://github.com/rust-lang/crates.io-index"
checksum = "a9c384f161156f5260c24a097c56119f9be8c798586aecc13afbcbe7b7e26bf8"
dependencies = [
 "percent-encoding",
]

[[package]]
name = "fs_at"
version = "0.1.4"
source = "registry+https://github.com/rust-lang/crates.io-index"
checksum = "37047c0d530b3aefc64e4c4d7c6b1e23030c65973661b70e12c826f426f3f675"
dependencies = [
 "aligned",
 "cfg-if 1.0.0",
 "cvt",
 "libc",
 "nix",
 "smart-default",
 "windows-sys 0.45.0",
]

[[package]]
name = "getrandom"
version = "0.2.8"
source = "registry+https://github.com/rust-lang/crates.io-index"
checksum = "c05aeb6a22b8f62540c194aac980f2115af067bfe15a0734d7277a768d396b31"
dependencies = [
 "cfg-if 1.0.0",
 "libc",
 "wasi",
]

[[package]]
name = "git2"
version = "0.16.1"
source = "registry+https://github.com/rust-lang/crates.io-index"
checksum = "ccf7f68c2995f392c49fffb4f95ae2c873297830eb25c6bc4c114ce8f4562acc"
dependencies = [
 "bitflags",
 "libc",
 "libgit2-sys",
 "log",
 "url",
]

[[package]]
name = "hashbag"
version = "0.1.11"
source = "registry+https://github.com/rust-lang/crates.io-index"
checksum = "b3d44c238cb72d3e8993a30c32e97b2b2c2c1a12388603f28c4f19a44c4396bc"

[[package]]
name = "hashbrown"
version = "0.12.3"
source = "registry+https://github.com/rust-lang/crates.io-index"
checksum = "8a9ee70c43aaf417c914396645a0fa852624801b24ebb7ae78fe8272889ac888"

[[package]]
name = "heck"
version = "0.4.0"
source = "registry+https://github.com/rust-lang/crates.io-index"
checksum = "2540771e65fc8cb83cd6e8a237f70c319bd5c29f78ed1084ba5d50eeac86f7f9"

[[package]]
name = "hermit-abi"
version = "0.2.6"
source = "registry+https://github.com/rust-lang/crates.io-index"
checksum = "ee512640fe35acbfb4bb779db6f0d80704c2cacfa2e39b601ef3e3f47d1ae4c7"
dependencies = [
 "libc",
]

[[package]]
name = "hermit-abi"
version = "0.3.1"
source = "registry+https://github.com/rust-lang/crates.io-index"
checksum = "fed44880c466736ef9a5c5b5facefb5ed0785676d0c02d612db14e54f0d84286"

[[package]]
name = "hex"
version = "0.4.3"
source = "registry+https://github.com/rust-lang/crates.io-index"
checksum = "7f24254aa9a54b5c858eaee2f5bccdb46aaf0e486a595ed5fd8f86ba55232a70"
dependencies = [
 "serde",
]

[[package]]
name = "home"
version = "0.5.4"
source = "registry+https://github.com/rust-lang/crates.io-index"
checksum = "747309b4b440c06d57b0b25f2aee03ee9b5e5397d288c60e21fc709bb98a7408"
dependencies = [
 "winapi",
]

[[package]]
name = "idna"
version = "0.3.0"
source = "registry+https://github.com/rust-lang/crates.io-index"
checksum = "e14ddfc70884202db2244c223200c204c2bda1bc6e0998d11b5e024d657209e6"
dependencies = [
 "unicode-bidi",
 "unicode-normalization",
]

[[package]]
name = "indexmap"
version = "1.9.2"
source = "registry+https://github.com/rust-lang/crates.io-index"
checksum = "1885e79c1fc4b10f0e172c475f458b7f7b93061064d98c3293e98c5ba0c8b399"
dependencies = [
 "autocfg",
 "hashbrown",
]

[[package]]
name = "instant"
version = "0.1.12"
source = "registry+https://github.com/rust-lang/crates.io-index"
checksum = "7a5bbe824c507c5da5956355e86a746d82e0e1464f65d862cc5e71da70e94b2c"
dependencies = [
 "cfg-if 1.0.0",
]

[[package]]
name = "io-lifetimes"
version = "1.0.3"
source = "registry+https://github.com/rust-lang/crates.io-index"
checksum = "46112a93252b123d31a119a8d1a1ac19deac4fac6e0e8b0df58f0d4e5870e63c"
dependencies = [
 "libc",
 "windows-sys 0.42.0",
]

[[package]]
name = "is-terminal"
version = "0.4.5"
source = "registry+https://github.com/rust-lang/crates.io-index"
checksum = "8687c819457e979cc940d09cb16e42a1bf70aa6b60a549de6d3a62a0ee90c69e"
dependencies = [
 "hermit-abi 0.3.1",
 "io-lifetimes",
 "rustix 0.36.5",
 "windows-sys 0.45.0",
]

[[package]]
name = "itertools"
version = "0.10.5"
source = "registry+https://github.com/rust-lang/crates.io-index"
checksum = "b0fd2260e829bddf4cb6ea802289de2f86d6a7a690192fbe91b3f46e0f2c8473"
dependencies = [
 "either",
]

[[package]]
name = "itoa"
version = "1.0.5"
source = "registry+https://github.com/rust-lang/crates.io-index"
checksum = "fad582f4b9e86b6caa621cabeb0963332d92eea04729ab12892c2533951e6440"

[[package]]
name = "jobserver"
version = "0.1.25"
source = "registry+https://github.com/rust-lang/crates.io-index"
checksum = "068b1ee6743e4d11fb9c6a1e6064b3693a1b600e7f5f5988047d98b3dc9fb90b"
dependencies = [
 "libc",
]

[[package]]
name = "lazy_static"
version = "1.4.0"
source = "registry+https://github.com/rust-lang/crates.io-index"
checksum = "e2abad23fbc42b3700f2f279844dc832adb2b2eb069b2df918f455c4e18cc646"

[[package]]
name = "libc"
version = "0.2.140"
source = "registry+https://github.com/rust-lang/crates.io-index"
checksum = "99227334921fae1a979cf0bfdfcc6b3e5ce376ef57e16fb6fb3ea2ed6095f80c"

[[package]]
name = "libgit2-sys"
version = "0.14.2+1.5.1"
source = "registry+https://github.com/rust-lang/crates.io-index"
checksum = "7f3d95f6b51075fe9810a7ae22c7095f12b98005ab364d8544797a825ce946a4"
dependencies = [
 "cc",
 "libc",
 "libz-sys",
 "pkg-config",
]

[[package]]
name = "libz-sys"
version = "1.1.8"
source = "registry+https://github.com/rust-lang/crates.io-index"
checksum = "9702761c3935f8cc2f101793272e202c72b99da8f4224a19ddcf1279a6450bbf"
dependencies = [
 "cc",
 "libc",
 "pkg-config",
 "vcpkg",
]

[[package]]
name = "linux-raw-sys"
version = "0.1.4"
source = "registry+https://github.com/rust-lang/crates.io-index"
checksum = "f051f77a7c8e6957c0696eac88f26b0117e54f52d3fc682ab19397a8812846a4"

[[package]]
name = "linux-raw-sys"
version = "0.3.1"
source = "registry+https://github.com/rust-lang/crates.io-index"
checksum = "d59d8c75012853d2e872fb56bc8a2e53718e2cafe1a4c823143141c6d90c322f"

[[package]]
name = "log"
version = "0.4.17"
source = "registry+https://github.com/rust-lang/crates.io-index"
checksum = "abb12e687cfb44aa40f41fc3978ef76448f9b6038cad6aef4259d3c095a2382e"
dependencies = [
 "cfg-if 1.0.0",
]

[[package]]
name = "memchr"
version = "2.5.0"
source = "registry+https://github.com/rust-lang/crates.io-index"
checksum = "2dffe52ecf27772e601905b7522cb4ef790d2cc203488bbd0e2fe85fcb74566d"

[[package]]
name = "nix"
version = "0.26.2"
source = "registry+https://github.com/rust-lang/crates.io-index"
checksum = "bfdda3d196821d6af13126e40375cdf7da646a96114af134d5f417a9a1dc8e1a"
dependencies = [
 "bitflags",
 "cfg-if 1.0.0",
 "libc",
 "static_assertions",
]

[[package]]
name = "normpath"
version = "1.1.0"
source = "registry+https://github.com/rust-lang/crates.io-index"
checksum = "972dec05f98e7c787ede35d7a9ea4735eb7788c299287352757b3def6cc1f7b5"
dependencies = [
 "windows-sys 0.45.0",
]

[[package]]
name = "nu-ansi-term"
version = "0.47.0"
source = "registry+https://github.com/rust-lang/crates.io-index"
checksum = "1df031e117bca634c262e9bd3173776844b6c17a90b3741c9163663b4385af76"
dependencies = [
 "windows-sys 0.45.0",
]

[[package]]
name = "num-integer"
version = "0.1.45"
source = "registry+https://github.com/rust-lang/crates.io-index"
checksum = "225d3389fb3509a24c93f5c29eb6bde2586b98d9f016636dff58d7c6f7569cd9"
dependencies = [
 "autocfg",
 "num-traits",
]

[[package]]
name = "num-traits"
version = "0.2.15"
source = "registry+https://github.com/rust-lang/crates.io-index"
checksum = "578ede34cf02f8924ab9447f50c28075b4d3e5b269972345e7e0372b38c6cdcd"
dependencies = [
 "autocfg",
]

[[package]]
name = "num_cpus"
version = "1.15.0"
source = "registry+https://github.com/rust-lang/crates.io-index"
checksum = "0fac9e2da13b5eb447a6ce3d392f23a29d8694bff781bf03a16cd9ac8697593b"
dependencies = [
 "hermit-abi 0.2.6",
 "libc",
]

[[package]]
name = "once_cell"
version = "1.16.0"
source = "registry+https://github.com/rust-lang/crates.io-index"
checksum = "86f0b0d4bf799edbc74508c1e8bf170ff5f41238e5f8225603ca7caaae2b7860"

[[package]]
name = "output_vt100"
version = "0.1.3"
source = "registry+https://github.com/rust-lang/crates.io-index"
checksum = "628223faebab4e3e40667ee0b2336d34a5b960ff60ea743ddfdbcf7770bcfb66"
dependencies = [
 "winapi",
]

[[package]]
name = "percent-encoding"
version = "2.2.0"
source = "registry+https://github.com/rust-lang/crates.io-index"
checksum = "478c572c3d73181ff3c2539045f6eb99e5491218eae919370993b890cdbdd98e"

[[package]]
name = "pkg-config"
version = "0.3.26"
source = "registry+https://github.com/rust-lang/crates.io-index"
checksum = "6ac9a59f73473f1b8d852421e59e64809f025994837ef743615c6d0c5b305160"

[[package]]
name = "predicates"
version = "3.0.2"
source = "registry+https://github.com/rust-lang/crates.io-index"
checksum = "c575290b64d24745b6c57a12a31465f0a66f3a4799686a6921526a33b0797965"
dependencies = [
 "anstyle",
 "difflib",
 "itertools",
 "predicates-core",
]

[[package]]
name = "predicates-core"
version = "1.0.6"
source = "registry+https://github.com/rust-lang/crates.io-index"
checksum = "b794032607612e7abeb4db69adb4e33590fa6cf1149e95fd7cb00e634b92f174"

[[package]]
name = "predicates-tree"
version = "1.0.7"
source = "registry+https://github.com/rust-lang/crates.io-index"
checksum = "54ff541861505aabf6ea722d2131ee980b8276e10a1297b94e896dd8b621850d"
dependencies = [
 "predicates-core",
 "termtree",
]

[[package]]
name = "pretty_assertions"
version = "1.3.0"
source = "registry+https://github.com/rust-lang/crates.io-index"
checksum = "a25e9bcb20aa780fd0bb16b72403a9064d6b3f22f026946029acb941a50af755"
dependencies = [
 "ctor",
 "diff",
 "output_vt100",
 "yansi",
]

[[package]]
name = "proc-macro2"
version = "1.0.54"
source = "registry+https://github.com/rust-lang/crates.io-index"
checksum = "e472a104799c74b514a57226160104aa483546de37e839ec50e3c2e41dd87534"
dependencies = [
 "unicode-ident",
]

[[package]]
name = "public-api"
version = "0.28.0"
dependencies = [
 "anyhow",
 "assert_cmd",
 "expect-test",
 "hashbag",
 "itertools",
 "predicates",
 "pretty_assertions",
 "rustdoc-json",
 "rustdoc-types",
 "serde",
 "serde_json",
 "tempfile",
 "thiserror",
]

[[package]]
name = "quote"
version = "1.0.26"
source = "registry+https://github.com/rust-lang/crates.io-index"
checksum = "4424af4bf778aae2051a77b60283332f386554255d722233d09fbfc7e30da2fc"
dependencies = [
 "proc-macro2",
]

[[package]]
name = "redox_syscall"
version = "0.2.16"
source = "registry+https://github.com/rust-lang/crates.io-index"
checksum = "fb5a58c1855b4b6819d59012155603f0b22ad30cad752600aadfcb695265519a"
dependencies = [
 "bitflags",
]

[[package]]
name = "redox_syscall"
version = "0.3.5"
source = "registry+https://github.com/rust-lang/crates.io-index"
checksum = "567664f262709473930a4bf9e51bf2ebf3348f2e748ccc50dea20646858f8f29"
dependencies = [
 "bitflags",
]

[[package]]
name = "redox_users"
version = "0.4.3"
source = "registry+https://github.com/rust-lang/crates.io-index"
checksum = "b033d837a7cf162d7993aded9304e30a83213c648b6e389db233191f891e5c2b"
dependencies = [
 "getrandom",
 "redox_syscall 0.2.16",
 "thiserror",
]

[[package]]
name = "regex-automata"
version = "0.1.10"
source = "registry+https://github.com/rust-lang/crates.io-index"
checksum = "6c230d73fb8d8c1b9c0b3135c5142a8acee3a0558fb8db5cf1cb65f8d7862132"

[[package]]
name = "remove_dir_all"
version = "0.8.2"
source = "registry+https://github.com/rust-lang/crates.io-index"
checksum = "23895cfadc1917fed9c6ed76a8c2903615fa3704f7493ff82b364c6540acc02b"
dependencies = [
 "aligned",
 "cfg-if 1.0.0",
 "cvt",
 "fs_at",
 "lazy_static",
 "libc",
 "normpath",
 "windows-sys 0.45.0",
]

[[package]]
name = "repo-tests"
version = "0.1.0"
dependencies = [
 "public-api",
]

[[package]]
name = "rustc-hash"
version = "1.1.0"
source = "registry+https://github.com/rust-lang/crates.io-index"
checksum = "08d43f7aa6b08d49f382cde6a7982047c3426db949b1424bc4b7ec9ae12c6ce2"

[[package]]
name = "rustdoc-json"
version = "0.8.4"
dependencies = [
 "assert_cmd",
 "cargo-manifest",
 "cargo_metadata",
 "expect-test",
 "predicates",
 "public-api",
 "serde",
 "tempfile",
 "thiserror",
 "toml 0.7.3",
]

[[package]]
name = "rustdoc-types"
version = "0.20.0"
source = "registry+https://github.com/rust-lang/crates.io-index"
checksum = "f5f59b848e09e1631f0f8711fcdcb65d4481597b869372cca5d6755737b21501"
dependencies = [
 "serde",
]

[[package]]
name = "rustix"
version = "0.36.5"
source = "registry+https://github.com/rust-lang/crates.io-index"
checksum = "a3807b5d10909833d3e9acd1eb5fb988f79376ff10fce42937de71a449c4c588"
dependencies = [
 "bitflags",
 "errno 0.2.8",
 "io-lifetimes",
 "libc",
 "linux-raw-sys 0.1.4",
 "windows-sys 0.42.0",
]

[[package]]
name = "rustix"
version = "0.37.6"
source = "registry+https://github.com/rust-lang/crates.io-index"
checksum = "d097081ed288dfe45699b72f5b5d648e5f15d64d900c7080273baa20c16a6849"
dependencies = [
 "bitflags",
 "errno 0.3.0",
 "io-lifetimes",
 "libc",
 "linux-raw-sys 0.3.1",
 "windows-sys 0.45.0",
]

[[package]]
name = "rustup-toolchain"
version = "0.1.4"
dependencies = [
 "expect-test",
 "public-api",
 "rustdoc-json",
 "thiserror",
]

[[package]]
name = "ryu"
version = "1.0.12"
source = "registry+https://github.com/rust-lang/crates.io-index"
checksum = "7b4b9743ed687d4b4bcedf9ff5eaa7398495ae14e61cba0a295704edbc7decde"

[[package]]
name = "semver"
version = "1.0.17"
source = "registry+https://github.com/rust-lang/crates.io-index"
checksum = "bebd363326d05ec3e2f532ab7660680f3b02130d780c299bca73469d521bc0ed"
dependencies = [
 "serde",
]

[[package]]
name = "serde"
version = "1.0.159"
source = "registry+https://github.com/rust-lang/crates.io-index"
checksum = "3c04e8343c3daeec41f58990b9d77068df31209f2af111e059e9fe9646693065"
dependencies = [
 "serde_derive",
]

[[package]]
name = "serde_derive"
version = "1.0.159"
source = "registry+https://github.com/rust-lang/crates.io-index"
checksum = "4c614d17805b093df4b147b51339e7e44bf05ef59fba1e45d83500bcfb4d8585"
dependencies = [
 "proc-macro2",
 "quote",
 "syn 2.0.10",
]

[[package]]
name = "serde_json"
version = "1.0.95"
source = "registry+https://github.com/rust-lang/crates.io-index"
checksum = "d721eca97ac802aa7777b701877c8004d950fc142651367300d21c1cc0194744"
dependencies = [
 "itoa",
 "ryu",
 "serde",
]

[[package]]
name = "serde_spanned"
version = "0.6.1"
source = "registry+https://github.com/rust-lang/crates.io-index"
checksum = "0efd8caf556a6cebd3b285caf480045fcc1ac04f6bd786b09a6f11af30c4fcf4"
dependencies = [
 "serde",
]

[[package]]
name = "smart-default"
version = "0.6.0"
source = "registry+https://github.com/rust-lang/crates.io-index"
checksum = "133659a15339456eeeb07572eb02a91c91e9815e9cbc89566944d2c8d3efdbf6"
dependencies = [
 "proc-macro2",
 "quote",
 "syn 1.0.107",
]

[[package]]
name = "smol_str"
version = "0.1.23"
source = "registry+https://github.com/rust-lang/crates.io-index"
checksum = "7475118a28b7e3a2e157ce0131ba8c5526ea96e90ee601d9f6bb2e286a35ab44"
dependencies = [
 "serde",
]

[[package]]
name = "stable_deref_trait"
version = "1.2.0"
source = "registry+https://github.com/rust-lang/crates.io-index"
checksum = "a8f112729512f8e442d81f95a8a7ddf2b7c6b8a1a6f509a95864142b30cab2d3"

[[package]]
name = "static_assertions"
version = "1.1.0"
source = "registry+https://github.com/rust-lang/crates.io-index"
checksum = "a2eb9349b6444b326872e140eb1cf5e7c522154d69e7a0ffb0fb81c06b37543f"

[[package]]
name = "strsim"
version = "0.10.0"
source = "registry+https://github.com/rust-lang/crates.io-index"
checksum = "73473c0e59e6d5812c5dfe2a064a6444949f089e20eec9a2e5506596494e4623"

[[package]]
name = "syn"
version = "1.0.107"
source = "registry+https://github.com/rust-lang/crates.io-index"
checksum = "1f4064b5b16e03ae50984a5a8ed5d4f8803e6bc1fd170a3cda91a1be4b18e3f5"
dependencies = [
 "proc-macro2",
 "quote",
 "unicode-ident",
]

[[package]]
name = "syn"
version = "2.0.10"
source = "registry+https://github.com/rust-lang/crates.io-index"
checksum = "5aad1363ed6d37b84299588d62d3a7d95b5a5c2d9aad5c85609fda12afaa1f40"
dependencies = [
 "proc-macro2",
 "quote",
 "unicode-ident",
]

[[package]]
name = "tempfile"
version = "3.5.0"
source = "registry+https://github.com/rust-lang/crates.io-index"
checksum = "b9fbec84f381d5795b08656e4912bec604d162bff9291d6189a78f4c8ab87998"
dependencies = [
 "cfg-if 1.0.0",
 "fastrand",
 "redox_syscall 0.3.5",
 "rustix 0.37.6",
 "windows-sys 0.45.0",
]

[[package]]
name = "terminal_size"
version = "0.2.3"
source = "registry+https://github.com/rust-lang/crates.io-index"
checksum = "cb20089a8ba2b69debd491f8d2d023761cbf196e999218c591fa1e7e15a21907"
dependencies = [
 "rustix 0.36.5",
 "windows-sys 0.42.0",
]

[[package]]
name = "termtree"
version = "0.4.0"
source = "registry+https://github.com/rust-lang/crates.io-index"
checksum = "95059e91184749cb66be6dc994f67f182b6d897cb3df74a5bf66b5e709295fd8"

[[package]]
name = "thiserror"
version = "1.0.40"
source = "registry+https://github.com/rust-lang/crates.io-index"
checksum = "978c9a314bd8dc99be594bc3c175faaa9794be04a5a5e153caba6915336cebac"
dependencies = [
 "thiserror-impl",
]

[[package]]
name = "thiserror-impl"
version = "1.0.40"
source = "registry+https://github.com/rust-lang/crates.io-index"
checksum = "f9456a42c5b0d803c8cd86e73dd7cc9edd429499f37a3550d286d5e86720569f"
dependencies = [
 "proc-macro2",
 "quote",
 "syn 2.0.10",
]

[[package]]
name = "tinyvec"
version = "1.6.0"
source = "registry+https://github.com/rust-lang/crates.io-index"
checksum = "87cc5ceb3875bb20c2890005a4e226a4651264a5c75edb2421b52861a0a0cb50"
dependencies = [
 "tinyvec_macros",
]

[[package]]
name = "tinyvec_macros"
version = "0.1.0"
source = "registry+https://github.com/rust-lang/crates.io-index"
checksum = "cda74da7e1a664f795bb1f8a87ec406fb89a02522cf6e50620d016add6dbbf5c"

[[package]]
name = "toml"
version = "0.5.11"
source = "registry+https://github.com/rust-lang/crates.io-index"
checksum = "f4f7f0dd8d50a853a531c426359045b1998f04219d88799810762cd4ad314234"
dependencies = [
 "indexmap",
 "serde",
]

[[package]]
name = "toml"
version = "0.7.3"
source = "registry+https://github.com/rust-lang/crates.io-index"
checksum = "b403acf6f2bb0859c93c7f0d967cb4a75a7ac552100f9322faf64dc047669b21"
dependencies = [
 "serde",
 "serde_spanned",
 "toml_datetime",
 "toml_edit",
]

[[package]]
name = "toml_datetime"
version = "0.6.1"
source = "registry+https://github.com/rust-lang/crates.io-index"
checksum = "3ab8ed2edee10b50132aed5f331333428b011c99402b5a534154ed15746f9622"
dependencies = [
 "serde",
]

[[package]]
name = "toml_edit"
version = "0.19.7"
source = "registry+https://github.com/rust-lang/crates.io-index"
checksum = "dc18466501acd8ac6a3f615dd29a3438f8ca6bb3b19537138b3106e575621274"
dependencies = [
 "indexmap",
 "serde",
 "serde_spanned",
 "toml_datetime",
 "winnow",
]

[[package]]
name = "unicode-bidi"
version = "0.3.8"
source = "registry+https://github.com/rust-lang/crates.io-index"
checksum = "099b7128301d285f79ddd55b9a83d5e6b9e97c92e0ea0daebee7263e932de992"

[[package]]
name = "unicode-ident"
version = "1.0.6"
source = "registry+https://github.com/rust-lang/crates.io-index"
checksum = "84a22b9f218b40614adcb3f4ff08b703773ad44fa9423e4e0d346d5db86e4ebc"

[[package]]
name = "unicode-normalization"
version = "0.1.22"
source = "registry+https://github.com/rust-lang/crates.io-index"
checksum = "5c5713f0fc4b5db668a2ac63cdb7bb4469d8c9fed047b1d0292cc7b0ce2ba921"
dependencies = [
 "tinyvec",
]

[[package]]
name = "url"
version = "2.3.1"
source = "registry+https://github.com/rust-lang/crates.io-index"
checksum = "0d68c799ae75762b8c3fe375feb6600ef5602c883c5d21eb51c09f22b83c4643"
dependencies = [
 "form_urlencoded",
 "idna",
 "percent-encoding",
]

[[package]]
name = "utf8parse"
version = "0.2.1"
source = "registry+https://github.com/rust-lang/crates.io-index"
checksum = "711b9620af191e0cdc7468a8d14e709c3dcdb115b36f838e601583af800a370a"

[[package]]
name = "vcpkg"
version = "0.2.15"
source = "registry+https://github.com/rust-lang/crates.io-index"
checksum = "accd4ea62f7bb7a82fe23066fb0957d48ef677f6eeb8215f372f52e48bb32426"

[[package]]
name = "wait-timeout"
version = "0.2.0"
source = "registry+https://github.com/rust-lang/crates.io-index"
checksum = "9f200f5b12eb75f8c1ed65abd4b2db8a6e1b138a20de009dacee265a2498f3f6"
dependencies = [
 "libc",
]

[[package]]
name = "wasi"
version = "0.11.0+wasi-snapshot-preview1"
source = "registry+https://github.com/rust-lang/crates.io-index"
checksum = "9c8d87e72b64a3b4db28d11ce29237c246188f4f51057d65a7eab63b7987e423"

[[package]]
name = "winapi"
version = "0.3.9"
source = "registry+https://github.com/rust-lang/crates.io-index"
checksum = "5c839a674fcd7a98952e593242ea400abe93992746761e38641405d28b00f419"
dependencies = [
 "winapi-i686-pc-windows-gnu",
 "winapi-x86_64-pc-windows-gnu",
]

[[package]]
name = "winapi-i686-pc-windows-gnu"
version = "0.4.0"
source = "registry+https://github.com/rust-lang/crates.io-index"
checksum = "ac3b87c63620426dd9b991e5ce0329eff545bccbbb34f3be09ff6fb6ab51b7b6"

[[package]]
name = "winapi-x86_64-pc-windows-gnu"
version = "0.4.0"
source = "registry+https://github.com/rust-lang/crates.io-index"
checksum = "712e227841d057c1ee1cd2fb22fa7e5a5461ae8e48fa2ca79ec42cfc1931183f"

[[package]]
name = "windows-sys"
version = "0.42.0"
source = "registry+https://github.com/rust-lang/crates.io-index"
checksum = "5a3e1820f08b8513f676f7ab6c1f99ff312fb97b553d30ff4dd86f9f15728aa7"
dependencies = [
 "windows_aarch64_gnullvm",
 "windows_aarch64_msvc",
 "windows_i686_gnu",
 "windows_i686_msvc",
 "windows_x86_64_gnu",
 "windows_x86_64_gnullvm",
 "windows_x86_64_msvc",
]

[[package]]
name = "windows-sys"
version = "0.45.0"
source = "registry+https://github.com/rust-lang/crates.io-index"
checksum = "75283be5efb2831d37ea142365f009c02ec203cd29a3ebecbc093d52315b66d0"
dependencies = [
 "windows-targets",
]

[[package]]
name = "windows-targets"
version = "0.42.1"
source = "registry+https://github.com/rust-lang/crates.io-index"
checksum = "8e2522491fbfcd58cc84d47aeb2958948c4b8982e9a2d8a2a35bbaed431390e7"
dependencies = [
 "windows_aarch64_gnullvm",
 "windows_aarch64_msvc",
 "windows_i686_gnu",
 "windows_i686_msvc",
 "windows_x86_64_gnu",
 "windows_x86_64_gnullvm",
 "windows_x86_64_msvc",
]

[[package]]
name = "windows_aarch64_gnullvm"
version = "0.42.1"
source = "registry+https://github.com/rust-lang/crates.io-index"
checksum = "8c9864e83243fdec7fc9c5444389dcbbfd258f745e7853198f365e3c4968a608"

[[package]]
name = "windows_aarch64_msvc"
version = "0.42.1"
source = "registry+https://github.com/rust-lang/crates.io-index"
checksum = "4c8b1b673ffc16c47a9ff48570a9d85e25d265735c503681332589af6253c6c7"

[[package]]
name = "windows_i686_gnu"
version = "0.42.1"
source = "registry+https://github.com/rust-lang/crates.io-index"
checksum = "de3887528ad530ba7bdbb1faa8275ec7a1155a45ffa57c37993960277145d640"

[[package]]
name = "windows_i686_msvc"
version = "0.42.1"
source = "registry+https://github.com/rust-lang/crates.io-index"
checksum = "bf4d1122317eddd6ff351aa852118a2418ad4214e6613a50e0191f7004372605"

[[package]]
name = "windows_x86_64_gnu"
version = "0.42.1"
source = "registry+https://github.com/rust-lang/crates.io-index"
checksum = "c1040f221285e17ebccbc2591ffdc2d44ee1f9186324dd3e84e99ac68d699c45"

[[package]]
name = "windows_x86_64_gnullvm"
version = "0.42.1"
source = "registry+https://github.com/rust-lang/crates.io-index"
checksum = "628bfdf232daa22b0d64fdb62b09fcc36bb01f05a3939e20ab73aaf9470d0463"

[[package]]
name = "windows_x86_64_msvc"
version = "0.42.1"
source = "registry+https://github.com/rust-lang/crates.io-index"
checksum = "447660ad36a13288b1db4d4248e857b510e8c3a225c822ba4fb748c0aafecffd"

[[package]]
name = "winnow"
version = "0.3.6"
source = "registry+https://github.com/rust-lang/crates.io-index"
checksum = "23d020b441f92996c80d94ae9166e8501e59c7bb56121189dc9eab3bd8216966"
dependencies = [
 "memchr",
]

[[package]]
name = "yansi"
version = "0.5.1"
source = "registry+https://github.com/rust-lang/crates.io-index"
checksum = "09041cd90cf85f7f8b2df60c646f853b7f535ce68f85244eb6731cf89fa498ec"
